%{
  "bamboo": {:git, "https://github.com/thoughtbot/bamboo.git", "9a33d92c5955d9ca3713d8d5060978896aa6d394", []},
  "bcrypt_elixir": {:hex, :bcrypt_elixir, "1.1.1", "6b5560e47a02196ce5f0ab3f1d8265db79a23868c137e973b27afef928ed8006", [:make, :mix], [{:elixir_make, "~> 0.4", [hex: :elixir_make, repo: "hexpm", optional: false]}], "hexpm"},
  "bodyguard": {:hex, :bodyguard, "2.2.2", "d5d1ea325b395ed8edcdcedb8632290e92fe9061ee1fe2de86aa00ca918ab96b", [:mix], [{:plug, "~> 1.0", [hex: :plug, repo: "hexpm", optional: false]}], "hexpm"},
  "bunt": {:hex, :bunt, "0.2.0", "951c6e801e8b1d2cbe58ebbd3e616a869061ddadcc4863d0a2182541acae9a38", [:mix], [], "hexpm"},
  "certifi": {:hex, :certifi, "2.5.1", "867ce347f7c7d78563450a18a6a28a8090331e77fa02380b4a21962a65d36ee5", [:rebar3], [{:parse_trans, "~>3.3", [hex: :parse_trans, repo: "hexpm", optional: false]}], "hexpm"},
  "combine": {:hex, :combine, "0.10.0", "eff8224eeb56498a2af13011d142c5e7997a80c8f5b97c499f84c841032e429f", [:mix], [], "hexpm"},
  "comeonin": {:hex, :comeonin, "4.1.1", "c7304fc29b45b897b34142a91122bc72757bc0c295e9e824999d5179ffc08416", [:mix], [{:argon2_elixir, "~> 1.2", [hex: :argon2_elixir, repo: "hexpm", optional: true]}, {:bcrypt_elixir, "~> 0.12.1 or ~> 1.0", [hex: :bcrypt_elixir, repo: "hexpm", optional: true]}, {:pbkdf2_elixir, "~> 0.12", [hex: :pbkdf2_elixir, repo: "hexpm", optional: true]}], "hexpm"},
  "connection": {:hex, :connection, "1.0.4", "a1cae72211f0eef17705aaededacac3eb30e6625b04a6117c1b2db6ace7d5976", [:mix], [], "hexpm"},
  "cors_plug": {:hex, :cors_plug, "1.5.2", "72df63c87e4f94112f458ce9d25800900cc88608c1078f0e4faddf20933eda6e", [:mix], [{:plug, "~> 1.3 or ~> 1.4 or ~> 1.5", [hex: :plug, repo: "hexpm", optional: false]}], "hexpm"},
  "cowboy": {:hex, :cowboy, "1.1.2", "61ac29ea970389a88eca5a65601460162d370a70018afe6f949a29dca91f3bb0", [:rebar3], [{:cowlib, "~> 1.0.2", [hex: :cowlib, repo: "hexpm", optional: false]}, {:ranch, "~> 1.3.2", [hex: :ranch, repo: "hexpm", optional: false]}], "hexpm"},
  "cowlib": {:hex, :cowlib, "1.0.2", "9d769a1d062c9c3ac753096f868ca121e2730b9a377de23dec0f7e08b1df84ee", [:make], [], "hexpm"},
  "credo": {:hex, :credo, "0.10.0", "66234a95effaf9067edb19fc5d0cd5c6b461ad841baac42467afed96c78e5e9e", [:mix], [{:bunt, "~> 0.2.0", [hex: :bunt, repo: "hexpm", optional: false]}, {:jason, "~> 1.0", [hex: :jason, repo: "hexpm", optional: false]}], "hexpm"},
  "csvlixir": {:hex, :csvlixir, "1.0.0", "e9fd30abfca2d312390060e86bb7ec52487c813824dcccad45bb13e85ecad6b1", [:mix], [], "hexpm"},
  "db_connection": {:hex, :db_connection, "1.1.3", "89b30ca1ef0a3b469b1c779579590688561d586694a3ce8792985d4d7e575a61", [:mix], [{:connection, "~> 1.0.2", [hex: :connection, repo: "hexpm", optional: false]}, {:poolboy, "~> 1.5", [hex: :poolboy, repo: "hexpm", optional: true]}, {:sbroker, "~> 1.0", [hex: :sbroker, repo: "hexpm", optional: true]}], "hexpm"},
  "decimal": {:hex, :decimal, "1.5.0", "b0433a36d0e2430e3d50291b1c65f53c37d56f83665b43d79963684865beab68", [:mix], [], "hexpm"},
  "decorator": {:hex, :decorator, "1.2.2", "28f88fe99b1ec462cb1a394e568f50fbd0e6e949602372a2d0365181c997ed7d", [:mix], []},
  "dialyxir": {:hex, :dialyxir, "0.5.1", "b331b091720fd93e878137add264bac4f644e1ddae07a70bf7062c7862c4b952", [:mix], [], "hexpm"},
  "dogma": {:hex, :dogma, "0.1.16", "3c1532e2f63ece4813fe900a16704b8e33264da35fdb0d8a1d05090a3022eef9", [:mix], [{:poison, ">= 2.0.0", [hex: :poison, repo: "hexpm", optional: false]}], "hexpm"},
  "earmark": {:hex, :earmark, "1.3.2", "b840562ea3d67795ffbb5bd88940b1bed0ed9fa32834915125ea7d02e35888a5", [:mix], [], "hexpm"},
  "ecto": {:hex, :ecto, "2.2.10", "e7366dc82f48f8dd78fcbf3ab50985ceeb11cb3dc93435147c6e13f2cda0992e", [:mix], [{:db_connection, "~> 1.1", [hex: :db_connection, repo: "hexpm", optional: true]}, {:decimal, "~> 1.2", [hex: :decimal, repo: "hexpm", optional: false]}, {:mariaex, "~> 0.8.0", [hex: :mariaex, repo: "hexpm", optional: true]}, {:poison, "~> 2.2 or ~> 3.0", [hex: :poison, repo: "hexpm", optional: true]}, {:poolboy, "~> 1.5", [hex: :poolboy, repo: "hexpm", optional: false]}, {:postgrex, "~> 0.13.0", [hex: :postgrex, repo: "hexpm", optional: true]}, {:sbroker, "~> 1.0", [hex: :sbroker, repo: "hexpm", optional: true]}], "hexpm"},
  "ecto_autoslug_field": {:hex, :ecto_autoslug_field, "0.5.1", "c8a160fa6e5e0002740fe1c500bcc27d10bdb073a93715ce8a01b7af8a290777", [:mix], [{:ecto, ">= 2.1.0", [hex: :ecto, repo: "hexpm", optional: false]}, {:slugger, ">= 0.2.0", [hex: :slugger, repo: "hexpm", optional: false]}], "hexpm"},
  "elixir_make": {:hex, :elixir_make, "0.6.0", "38349f3e29aff4864352084fc736fa7fa0f2995a819a737554f7ebd28b85aaab", [:mix], [], "hexpm"},
  "ex_admin": {:git, "https://github.com/smpallen99/ex_admin.git", "2048340de6600ca11cd6a8ffbfb8bc30f786144b", []},
  "ex_queb": {:hex, :ex_queb, "1.0.1", "833f773179fb8971b1a58b67874209f50d087024ca0771e8f9a283c9214ec4b9", [:mix], [{:ecto, "~> 2.0", [hex: :ecto, repo: "hexpm", optional: false]}], "hexpm"},
  "exactor": {:hex, :exactor, "2.2.4", "5efb4ddeb2c48d9a1d7c9b465a6fffdd82300eb9618ece5d34c3334d5d7245b1", [:mix], [], "hexpm"},
  "exconstructor": {:hex, :exconstructor, "1.1.0", "272623a7b203cb2901c20cbb92c5c3ab103cc0087ff7c881979e046043346752", [:mix], [], "hexpm"},
  "exgravatar": {:hex, :exgravatar, "2.0.1", "66d595c7d63dd6bbac442c5542a724375ae29144059c6fe093e61553850aace4", [:mix], [], "hexpm"},
  "exmoji": {:hex, :exmoji, "0.2.2", "fae4e012d3b78771436d19ff8922219bd93d9115364226da5cc5d4703d5d879f", [:mix], [{:poison, "~> 1.5", [hex: :poison, repo: "hexpm", optional: false]}], "hexpm"},
  "exprotobuf": {:hex, :exprotobuf, "1.2.9", "f3cac1b0d0444da3c72cdfe80e394d721275dc80b1d7703ead9dad9267e93822", [:mix], [{:gpb, "~> 3.24", [hex: :gpb, repo: "hexpm", optional: false]}], "hexpm"},
  "file_system": {:hex, :file_system, "0.2.5", "a3060f063b116daf56c044c273f65202e36f75ec42e678dc10653056d3366054", [:mix], [], "hexpm"},
  "floki": {:hex, :floki, "0.21.0", "0c0191a6dbc559300bac232f716c55fb5738d45ae846b3141b19e5f5741c1907", [:mix], [{:html_entities, "~> 0.4.0", [hex: :html_entities, repo: "hexpm", optional: false]}, {:mochiweb, "~> 2.15", [hex: :mochiweb, repo: "hexpm", optional: false]}], "hexpm"},
  "fs": {:hex, :fs, "0.9.2", "ed17036c26c3f70ac49781ed9220a50c36775c6ca2cf8182d123b6566e49ec59", [:rebar], []},
  "gettext": {:hex, :gettext, "0.16.1", "e2130b25eebcbe02bb343b119a07ae2c7e28bd4b146c4a154da2ffb2b3507af2", [:mix], [], "hexpm"},
  "gpb": {:hex, :gpb, "3.28.1", "6849b2f0004dc4e7644f4f67e7cdd18e893f0ab87eb7ad82b9cb1483ce60eed0", [:make, :rebar], [], "hexpm"},
  "gravatar": {:hex, :gravatar, "0.1.0", "536d8dbe9ef9b6a63b0b57e66e41682deb55a27f343d6684fc28c14ad00a33ee", [:mix], []},
  "hackney": {:hex, :hackney, "1.15.1", "9f8f471c844b8ce395f7b6d8398139e26ddca9ebc171a8b91342ee15a19963f4", [:rebar3], [{:certifi, "2.5.1", [hex: :certifi, repo: "hexpm", optional: false]}, {:idna, "6.0.0", [hex: :idna, repo: "hexpm", optional: false]}, {:metrics, "1.0.1", [hex: :metrics, repo: "hexpm", optional: false]}, {:mimerl, "~>1.1", [hex: :mimerl, repo: "hexpm", optional: false]}, {:ssl_verify_fun, "1.1.4", [hex: :ssl_verify_fun, repo: "hexpm", optional: false]}], "hexpm"},
  "html_entities": {:hex, :html_entities, "0.4.0", "f2fee876858cf6aaa9db608820a3209e45a087c5177332799592142b50e89a6b", [:mix], [], "hexpm"},
  "html_sanitize_ex": {:hex, :html_sanitize_ex, "1.3.0", "f005ad692b717691203f940c686208aa3d8ffd9dd4bb3699240096a51fa9564e", [:mix], [{:mochiweb, "~> 2.15", [hex: :mochiweb, repo: "hexpm", optional: false]}], "hexpm"},
  "httpoison": {:hex, :httpoison, "1.5.1", "0f55b5b673b03c5c327dac7015a67cb571b99b631acc0bc1b0b98dcd6b9f2104", [:mix], [{:hackney, "~> 1.8", [hex: :hackney, repo: "hexpm", optional: false]}], "hexpm"},
  "idna": {:hex, :idna, "6.0.0", "689c46cbcdf3524c44d5f3dde8001f364cd7608a99556d8fbd8239a5798d4c10", [:rebar3], [{:unicode_util_compat, "0.4.1", [hex: :unicode_util_compat, repo: "hexpm", optional: false]}], "hexpm"},
  "inflex": {:hex, :inflex, "1.10.0", "8366a7696e70e1813aca102e61274addf85d99f4a072b2f9c7984054ea1b9d29", [:mix], [], "hexpm"},
  "jason": {:hex, :jason, "1.1.1", "d3ccb840dfb06f2f90a6d335b536dd074db748b3e7f5b11ab61d239506585eb2", [:mix], [{:decimal, "~> 1.0", [hex: :decimal, repo: "hexpm", optional: true]}], "hexpm"},
  "lru_cache": {:hex, :lru_cache, "0.1.3", "8144487685edada739cd0d26a4b0f2a62bafe3c68689d9ceabde8a6e74672ee1", [:mix], [], "hexpm"},
  "metrics": {:hex, :metrics, "1.0.1", "25f094dea2cda98213cecc3aeff09e940299d950904393b2a29d191c346a8486", [:rebar3], [], "hexpm"},
  "mime": {:hex, :mime, "1.3.0", "5e8d45a39e95c650900d03f897fbf99ae04f60ab1daa4a34c7a20a5151b7a5fe", [:mix], [], "hexpm"},
  "mimerl": {:hex, :mimerl, "1.2.0", "67e2d3f571088d5cfd3e550c383094b47159f3eee8ffa08e64106cdf5e981be3", [:rebar3], [], "hexpm"},
  "mochiweb": {:hex, :mochiweb, "2.18.0", "eb55f1db3e6e960fac4e6db4e2db9ec3602cc9f30b86cd1481d56545c3145d2e", [:rebar3], [], "hexpm"},
  "oauth2": {:hex, :oauth2, "0.9.4", "632e8e8826a45e33ac2ea5ac66dcc019ba6bb5a0d2ba77e342d33e3b7b252c6e", [:mix], [{:hackney, "~> 1.7", [hex: :hackney, repo: "hexpm", optional: false]}], "hexpm"},
  "oembed": {:hex, :oembed, "0.3.0", "062fdf828c73d9dbf345cbf711ede5f35d0432adffb07ab2e34efc4d2d9c7634", [:mix], [{:exconstructor, ">= 1.0.0", [hex: :exconstructor, repo: "hexpm", optional: false]}, {:floki, ">= 0.9.0", [hex: :floki, repo: "hexpm", optional: false]}, {:httpoison, ">= 0.9.0", [hex: :httpoison, repo: "hexpm", optional: false]}, {:poison, ">= 1.5.0", [hex: :poison, repo: "hexpm", optional: false]}], "hexpm"},
  "parse_trans": {:hex, :parse_trans, "3.3.0", "09765507a3c7590a784615cfd421d101aec25098d50b89d7aa1d66646bc571c1", [:rebar3], [], "hexpm"},
  "phoenix": {:hex, :phoenix, "1.3.4", "aaa1b55e5523083a877bcbe9886d9ee180bf2c8754905323493c2ac325903dc5", [:mix], [{:cowboy, "~> 1.0", [hex: :cowboy, repo: "hexpm", optional: true]}, {:phoenix_pubsub, "~> 1.0", [hex: :phoenix_pubsub, repo: "hexpm", optional: false]}, {:plug, "~> 1.3.3 or ~> 1.4", [hex: :plug, repo: "hexpm", optional: false]}, {:poison, "~> 2.2 or ~> 3.0", [hex: :poison, repo: "hexpm", optional: false]}], "hexpm"},
  "phoenix_ecto": {:hex, :phoenix_ecto, "3.3.0", "702f6e164512853d29f9d20763493f2b3bcfcb44f118af2bc37bb95d0801b480", [:mix], [{:ecto, "~> 2.1", [hex: :ecto, repo: "hexpm", optional: false]}, {:phoenix_html, "~> 2.9", [hex: :phoenix_html, repo: "hexpm", optional: true]}, {:plug, "~> 1.0", [hex: :plug, repo: "hexpm", optional: false]}], "hexpm"},
  "phoenix_html": {:hex, :phoenix_html, "2.12.0", "1fb3c2e48b4b66d75564d8d63df6d53655469216d6b553e7e14ced2b46f97622", [:mix], [{:plug, "~> 1.5", [hex: :plug, repo: "hexpm", optional: false]}], "hexpm"},
  "phoenix_live_reload": {:hex, :phoenix_live_reload, "1.1.5", "8d4c9b1ef9ca82deee6deb5a038d6d8d7b34b9bb909d99784a49332e0d15b3dc", [:mix], [{:file_system, "~> 0.2.1 or ~> 0.3", [hex: :file_system, repo: "hexpm", optional: false]}, {:phoenix, "~> 1.0 or ~> 1.2 or ~> 1.3", [hex: :phoenix, repo: "hexpm", optional: false]}], "hexpm"},
  "phoenix_pubsub": {:hex, :phoenix_pubsub, "1.0.2", "bfa7fd52788b5eaa09cb51ff9fcad1d9edfeb68251add458523f839392f034c1", [:mix], [], "hexpm"},
  "plug": {:hex, :plug, "1.6.2", "e06a7bd2bb6de5145da0dd950070110dce88045351224bd98e84edfdaaf5ffee", [:mix], [{:cowboy, "~> 1.0.1 or ~> 1.1 or ~> 2.4", [hex: :cowboy, repo: "hexpm", optional: true]}, {:mime, "~> 1.0", [hex: :mime, repo: "hexpm", optional: false]}], "hexpm"},
  "poison": {:hex, :poison, "3.1.0", "d9eb636610e096f86f25d9a46f35a9facac35609a7591b3be3326e99a0484665", [:mix], [], "hexpm"},
  "poolboy": {:hex, :poolboy, "1.5.1", "6b46163901cfd0a1b43d692657ed9d7e599853b3b21b95ae5ae0a777cf9b6ca8", [:rebar], [], "hexpm"},
  "postgrex": {:hex, :postgrex, "0.13.5", "3d931aba29363e1443da167a4b12f06dcd171103c424de15e5f3fc2ba3e6d9c5", [:mix], [{:connection, "~> 1.0", [hex: :connection, repo: "hexpm", optional: false]}, {:db_connection, "~> 1.1", [hex: :db_connection, repo: "hexpm", optional: false]}, {:decimal, "~> 1.0", [hex: :decimal, repo: "hexpm", optional: false]}], "hexpm"},
  "pryin": {:hex, :pryin, "1.5.1", "31f5f3f8ae1a2cc153c53b9c851403a85f1c1283eb73fd526f1ab51e9f2c6a15", [:mix], [{:ecto, "~> 2.0", [hex: :ecto, repo: "hexpm", optional: true]}, {:exprotobuf, "~> 1.2", [hex: :exprotobuf, repo: "hexpm", optional: false]}, {:hackney, "~> 1.2", [hex: :hackney, repo: "hexpm", optional: false]}, {:phoenix, "~> 1.2", [hex: :phoenix, repo: "hexpm", optional: true]}, {:plug, "~> 1.0", [hex: :plug, repo: "hexpm", optional: true]}, {:recon, "~> 2.3", [hex: :recon, repo: "hexpm", optional: false]}], "hexpm"},
  "ranch": {:hex, :ranch, "1.3.2", "e4965a144dc9fbe70e5c077c65e73c57165416a901bd02ea899cfd95aa890986", [:rebar3], [], "hexpm"},
  "recon": {:hex, :recon, "2.3.5", "5136eb8f8020a440f5f894f1c11e7fa9480315b2e6e398b0e46609cb963e768a", [:rebar3], [], "hexpm"},
  "scrivener": {:hex, :scrivener, "2.5.0", "e1f78c62b6806d91cc9c4778deef1ea4e80aa9fadfce2c16831afe0468cc8a2c", [:mix], [], "hexpm"},
  "scrivener_ecto": {:hex, :scrivener_ecto, "1.3.0", "69698428e22810ac8a47abc12d1df5b2f5d8f6b36dc5d5bfe6dd93fde857c576", [:mix], [{:ecto, "~> 2.0", [hex: :ecto, repo: "hexpm", optional: false]}, {:postgrex, "~> 0.11.0 or ~> 0.12.0 or ~> 0.13.0", [hex: :postgrex, repo: "hexpm", optional: true]}, {:scrivener, "~> 2.4", [hex: :scrivener, repo: "hexpm", optional: false]}], "hexpm"},
  "scrivener_html": {:hex, :scrivener_html, "1.7.1", "afa35128fb36184bc469e4531bb1ef61b2d91bb29e373157068c62332291485f", [:mix], [{:phoenix, "~> 1.0-pre and < 1.4.0", [hex: :phoenix, repo: "hexpm", optional: true]}, {:phoenix_html, "~> 2.2", [hex: :phoenix_html, repo: "hexpm", optional: false]}, {:plug, "~> 1.1", [hex: :plug, repo: "hexpm", optional: false]}, {:scrivener, "~> 1.2 or ~> 2.0", [hex: :scrivener, repo: "hexpm", optional: false]}], "hexpm"},
  "slugger": {:hex, :slugger, "0.3.0", "efc667ab99eee19a48913ccf3d038b1fb9f165fa4fbf093be898b8099e61b6ed", [:mix], [], "hexpm"},
  "ssl_verify_fun": {:hex, :ssl_verify_fun, "1.1.4", "f0eafff810d2041e93f915ef59899c923f4568f4585904d010387ed74988e77b", [:make, :mix, :rebar3], [], "hexpm"},
  "timex": {:hex, :timex, "3.3.0", "e0695aa0ddb37d460d93a2db34d332c2c95a40c27edf22fbfea22eb8910a9c8d", [:mix], [{:combine, "~> 0.10", [hex: :combine, repo: "hexpm", optional: false]}, {:gettext, "~> 0.10", [hex: :gettext, repo: "hexpm", optional: false]}, {:tzdata, "~> 0.1.8 or ~> 0.5", [hex: :tzdata, repo: "hexpm", optional: false]}], "hexpm"},
  "tzdata": {:hex, :tzdata, "0.5.17", "50793e3d85af49736701da1a040c415c97dc1caf6464112fd9bd18f425d3053b", [:mix], [{:hackney, "~> 1.0", [hex: :hackney, repo: "hexpm", optional: false]}], "hexpm"},
  "ueberauth": {:hex, :ueberauth, "0.5.0", "4570ec94d7f784dc4c4aa94c83391dbd9b9bd7b66baa30e95a666c5ec1b168b1", [:mix], [{:plug, "~> 1.2", [hex: :plug, repo: "hexpm", optional: false]}], "hexpm"},
  "ueberauth_github": {:hex, :ueberauth_github, "0.7.0", "637067c5500f7b13c18caca3db66d09eba661524e0d0e9518b54151e99484bad", [:mix], [{:oauth2, "~> 0.9", [hex: :oauth2, repo: "hexpm", optional: false]}, {:ueberauth, "~> 0.4", [hex: :ueberauth, repo: "hexpm", optional: false]}], "hexpm"},
  "ueberauth_identity": {:hex, :ueberauth_identity, "0.2.3", "216f18ca24347f6b3dd0e5f4342b6fef7a4027fad0d133f1c454d51b7eaac55b", [:mix], [{:plug, "~> 1.0", [hex: :plug, repo: "hexpm", optional: false]}, {:ueberauth, "~> 0.2", [hex: :ueberauth, repo: "hexpm", optional: false]}], "hexpm"},
  "unicode_util_compat": {:hex, :unicode_util_compat, "0.4.1", "d869e4c68901dd9531385bb0c8c40444ebf624e60b6962d95952775cac5e90cd", [:rebar3], [], "hexpm"},
  "uuid": {:hex, :uuid, "1.1.8", "e22fc04499de0de3ed1116b770c7737779f226ceefa0badb3592e64d5cfb4eb9", [:mix], [], "hexpm"},
  "wallaby": {:hex, :wallaby, "0.20.0", "cc6663555ff7b05afbebb2a8b461d18a5b321658b9017f7bc77d494b7063266a", [:mix], [{:httpoison, "~> 0.12", [hex: :httpoison, repo: "hexpm", optional: false]}, {:poison, ">= 1.4.0", [hex: :poison, repo: "hexpm", optional: false]}, {:poolboy, "~> 1.5", [hex: :poolboy, repo: "hexpm", optional: false]}], "hexpm"},
  "xain": {:hex, :xain, "0.6.1", "46af90d3c7055d8c35ac1983040236efdaeed786c99fc61834bc987bbc7e35aa", [:mix], [], "hexpm"},
}
