%{"arbor": {:hex, :arbor, "1.0.3", "33b70e06315ae2a774594e557915d63044d89490735c78fd49cc8ef67bb3dcbf", [:mix], [{:ecto, ">= 2.0.0", [hex: :ecto, optional: false]}, {:postgrex, ">= 0.0.0", [hex: :postgrex, optional: false]}]},
  "bamboo": {:git, "https://github.com/thoughtbot/bamboo.git", "9823793fbcd45c2a58ef9bd1e65e5d162625513e", []},
  "bunt": {:hex, :bunt, "0.2.0", "951c6e801e8b1d2cbe58ebbd3e616a869061ddadcc4863d0a2182541acae9a38", [:mix], []},
  "calliope": {:hex, :calliope, "0.4.1", "8b7034343d247199bcf267a6e07ea296dc99ac1e90413c197114c8df0fa0b436", [:mix], []},
  "certifi": {:hex, :certifi, "1.0.0", "1c787a85b1855ba354f0b8920392c19aa1d06b0ee1362f9141279620a5be2039", [:rebar3], []},
  "combine": {:hex, :combine, "0.9.6", "8d1034a127d4cbf6924c8a5010d3534d958085575fa4d9b878f200d79ac78335", [:mix], []},
  "connection": {:hex, :connection, "1.0.4", "a1cae72211f0eef17705aaededacac3eb30e6625b04a6117c1b2db6ace7d5976", [:mix], []},
  "cors_plug": {:hex, :cors_plug, "1.2.1", "bbe1381a52e4a16e609cf3c4cbfde6884726a58b9a1a205db104dbdfc542f447", [:mix], [{:plug, "> 0.8.0", [hex: :plug, optional: false]}]},
  "cowboy": {:hex, :cowboy, "1.1.2", "61ac29ea970389a88eca5a65601460162d370a70018afe6f949a29dca91f3bb0", [:rebar3], [{:cowlib, "~> 1.0.2", [hex: :cowlib, optional: false]}, {:ranch, "~> 1.3.2", [hex: :ranch, optional: false]}]},
  "cowlib": {:hex, :cowlib, "1.0.2", "9d769a1d062c9c3ac753096f868ca121e2730b9a377de23dec0f7e08b1df84ee", [:make], []},
  "credo": {:hex, :credo, "0.7.3", "9827ab04002186af1aec014a811839a06f72aaae6cd5eed3919b248c8767dbf3", [:mix], [{:bunt, "~> 0.2.0", [hex: :bunt, optional: false]}]},
  "db_connection": {:hex, :db_connection, "1.1.2", "2865c2a4bae0714e2213a0ce60a1b12d76a6efba0c51fbda59c9ab8d1accc7a8", [:mix], [{:connection, "~> 1.0.2", [hex: :connection, optional: false]}, {:poolboy, "~> 1.5", [hex: :poolboy, optional: true]}, {:sbroker, "~> 1.0", [hex: :sbroker, optional: true]}]},
  "decimal": {:hex, :decimal, "1.3.1", "157b3cedb2bfcb5359372a7766dd7a41091ad34578296e951f58a946fcab49c6", [:mix], []},
  "earmark": {:hex, :earmark, "1.2.0", "bf1ce17aea43ab62f6943b97bd6e3dc032ce45d4f787504e3adf738e54b42f3a", [:mix], []},
  "ecto": {:hex, :ecto, "2.1.3", "ffb24e150b519a4c0e4c84f9eabc8587199389bc499195d5d1a93cd3b2d9a045", [:mix], [{:db_connection, "~> 1.1", [hex: :db_connection, optional: true]}, {:decimal, "~> 1.2", [hex: :decimal, optional: false]}, {:mariaex, "~> 0.8.0", [hex: :mariaex, optional: true]}, {:poison, "~> 2.2 or ~> 3.0", [hex: :poison, optional: true]}, {:poolboy, "~> 1.5", [hex: :poolboy, optional: false]}, {:postgrex, "~> 0.13.0", [hex: :postgrex, optional: true]}, {:sbroker, "~> 1.0", [hex: :sbroker, optional: true]}]},
  "ecto_autoslug_field": {:hex, :ecto_autoslug_field, "0.2.1", "eed693e0e072bbadc9da869871014cdff5901fd184d10b821a5eedb66159b100", [:mix], [{:ecto, "~> 2.0", [hex: :ecto, optional: false]}, {:slugger, "~> 0.1", [hex: :slugger, optional: false]}]},
  "ex_machina": {:hex, :ex_machina, "2.0.0", "ec284c6f57233729cea9319e083f66e613e82549f78eccdb2059aeba5d0df9f3", [:mix], [{:ecto, "~> 2.1", [hex: :ecto, optional: true]}]},
  "exmoji": {:hex, :exmoji, "0.2.2", "fae4e012d3b78771436d19ff8922219bd93d9115364226da5cc5d4703d5d879f", [:mix], [{:poison, "~> 1.5", [hex: :poison, optional: false]}]},
  "faker": {:hex, :faker, "0.7.0", "2c42deeac7be717173c78c77fb3edc749fb5d5e460e33d01fe592ae99acc2f0d", [:mix], []},
  "floki": {:hex, :floki, "0.14.0", "91a6be57349e10a63cf52d7890479a19012cef9185fa93c305d4fe42e6a50dee", [:mix], [{:mochiweb, "~> 2.15", [hex: :mochiweb, optional: false]}]},
  "fs": {:hex, :fs, "2.12.0", "ad631efacc9a5683c8eaa1b274e24fa64a1b8eb30747e9595b93bec7e492e25e", [:rebar3], []},
  "gen_stage": {:hex, :gen_stage, "0.11.0", "943bdfa85c75fa624e0a36a9d135baad20a523be040178f5a215444b45c66ea4", [:mix], []},
  "gettext": {:hex, :gettext, "0.13.1", "5e0daf4e7636d771c4c71ad5f3f53ba09a9ae5c250e1ab9c42ba9edccc476263", [:mix], []},
  "hackney": {:hex, :hackney, "1.7.1", "e238c52c5df3c3b16ce613d3a51c7220a784d734879b1e231c9babd433ac1cb4", [:rebar3], [{:certifi, "1.0.0", [hex: :certifi, optional: false]}, {:idna, "4.0.0", [hex: :idna, optional: false]}, {:metrics, "1.0.1", [hex: :metrics, optional: false]}, {:mimerl, "1.0.2", [hex: :mimerl, optional: false]}, {:ssl_verify_fun, "1.1.1", [hex: :ssl_verify_fun, optional: false]}]},
  "httpoison": {:hex, :httpoison, "0.11.1", "d06c571274c0e77b6cc50e548db3fd7779f611fbed6681fd60a331f66c143a0b", [:mix], [{:hackney, "~> 1.7.0", [hex: :hackney, optional: false]}]},
  "idna": {:hex, :idna, "4.0.0", "10aaa9f79d0b12cf0def53038547855b91144f1bfcc0ec73494f38bb7b9c4961", [:rebar3], []},
  "metrics": {:hex, :metrics, "1.0.1", "25f094dea2cda98213cecc3aeff09e940299d950904393b2a29d191c346a8486", [:rebar3], []},
  "mime": {:hex, :mime, "1.1.0", "01c1d6f4083d8aa5c7b8c246ade95139620ef8effb009edde934e0ec3b28090a", [:mix], []},
  "mimerl": {:hex, :mimerl, "1.0.2", "993f9b0e084083405ed8252b99460c4f0563e41729ab42d9074fd5e52439be88", [:rebar3], []},
  "mix_test_watch": {:hex, :mix_test_watch, "0.3.3", "70859889a8d1d43d1b75d69d87258a301f43209a17787cdb2bd9cab42adf271d", [:mix], [{:fs, "~> 2.12", [hex: :fs, optional: false]}]},
  "mochiweb": {:hex, :mochiweb, "2.15.0", "e1daac474df07651e5d17cc1e642c4069c7850dc4508d3db7263a0651330aacc", [:rebar3], []},
  "oauth2": {:hex, :oauth2, "0.9.0", "74f1b7a57aa76dadf17b177d8c9bd1552874df392fe6fe541d0ec9e79d130019", [:mix], [{:hackney, "~> 1.6", [hex: :hackney, optional: false]}]},
  "phoenix": {:hex, :phoenix, "1.3.0-rc.1", "0d04948a4bd24823f101024c07b6a4d35e58f1fd92a465c1bc75dd37acd1041a", [:mix], [{:cowboy, "~> 1.0", [hex: :cowboy, optional: true]}, {:phoenix_pubsub, "~> 1.0", [hex: :phoenix_pubsub, optional: false]}, {:plug, "~> 1.3.2 or ~> 1.4", [hex: :plug, optional: false]}, {:poison, "~> 2.2 or ~> 3.0", [hex: :poison, optional: false]}]},
  "phoenix_ecto": {:hex, :phoenix_ecto, "3.2.3", "450c749876ff1de4a78fdb305a142a76817c77a1cd79aeca29e5fc9a6c630b26", [:mix], [{:ecto, "~> 2.1", [hex: :ecto, optional: false]}, {:phoenix_html, "~> 2.9", [hex: :phoenix_html, optional: true]}, {:plug, "~> 1.0", [hex: :plug, optional: false]}]},
  "phoenix_haml": {:hex, :phoenix_haml, "0.2.3", "432b689ebb03dc821f00ae0ae5fb22e814aa8704e599763cbde538daf9f389f6", [:mix], [{:calliope, "~> 0.4.1", [hex: :calliope, optional: false]}, {:phoenix, "~> 1.1", [hex: :phoenix, optional: false]}, {:phoenix_html, "~> 2.3", [hex: :phoenix_html, optional: false]}]},
  "phoenix_html": {:hex, :phoenix_html, "2.9.3", "1b5a2122cbf743aa242f54dced8a4f1cc778b8bd304f4b4c0043a6250c58e258", [:mix], [{:plug, "~> 1.0", [hex: :plug, optional: false]}]},
  "phoenix_integration": {:hex, :phoenix_integration, "0.2.0", "b4775205d0ebaacde1de17b8626a198353381f6977de5d6b27e9027e49dc1656", [:mix], [{:floki, "~> 0.13", [hex: :floki, optional: false]}, {:phoenix, "~> 1.1", [hex: :phoenix, optional: false]}, {:phoenix_html, "~> 2.3", [hex: :phoenix_html, optional: false]}]},
  "phoenix_live_reload": {:hex, :phoenix_live_reload, "1.0.8", "4333f9c74190f485a74866beff2f9304f069d53f047f5fbb0fb8d1ee4c495f73", [:mix], [{:fs, "~> 0.9.1", [hex: :fs, optional: false]}, {:phoenix, "~> 1.0 or ~> 1.2-rc", [hex: :phoenix, optional: false]}]},
  "phoenix_pubsub": {:hex, :phoenix_pubsub, "1.0.1", "c10ddf6237007c804bf2b8f3c4d5b99009b42eca3a0dfac04ea2d8001186056a", [:mix], []},
  "plug": {:hex, :plug, "1.3.3", "d9be189924379b4e9d470caef87380d09549aea1ceafe6a0d41292c8c317c923", [:mix], [{:cowboy, "~> 1.0.1 or ~> 1.1", [hex: :cowboy, optional: true]}, {:mime, "~> 1.0", [hex: :mime, optional: false]}]},
  "poison": {:hex, :poison, "3.1.0", "d9eb636610e096f86f25d9a46f35a9facac35609a7591b3be3326e99a0484665", [:mix], []},
  "poolboy": {:hex, :poolboy, "1.5.1", "6b46163901cfd0a1b43d692657ed9d7e599853b3b21b95ae5ae0a777cf9b6ca8", [:rebar], []},
  "postgrex": {:hex, :postgrex, "0.13.0", "e101ab47d0725955c5c8830ae8812412992e02e4bd9db09e17abb0a5d82d09c7", [:mix], [{:connection, "~> 1.0", [hex: :connection, optional: false]}, {:db_connection, "~> 1.1", [hex: :db_connection, optional: false]}, {:decimal, "~> 1.0", [hex: :decimal, optional: false]}]},
  "ranch": {:hex, :ranch, "1.3.2", "e4965a144dc9fbe70e5c077c65e73c57165416a901bd02ea899cfd95aa890986", [:rebar3], []},
  "slugger": {:hex, :slugger, "0.1.0", "04a0f2da7e0770d41eb15e166aa2b1f8fcd26a80f43ed96d56b1b1d4bc5075df", [:mix], []},
  "ssl_verify_fun": {:hex, :ssl_verify_fun, "1.1.1", "28a4d65b7f59893bc2c7de786dec1e1555bd742d336043fe644ae956c3497fbe", [:make, :rebar], []},
  "timex": {:hex, :timex, "3.1.13", "48b33162e3ec33e9a08fb5f98e3f3c19c3e328dded3156096c1969b77d33eef0", [:mix], [{:combine, "~> 0.7", [hex: :combine, optional: false]}, {:gettext, "~> 0.10", [hex: :gettext, optional: false]}, {:tzdata, "~> 0.1.8 or ~> 0.5", [hex: :tzdata, optional: false]}]},
  "tzdata": {:hex, :tzdata, "0.5.10", "087e8dfe8c0283473115ad8ca6974b898ecb55ca5c725427a142a79593391e90", [:mix], [{:hackney, "~> 1.0", [hex: :hackney, optional: false]}]},
  "ueberauth": {:hex, :ueberauth, "0.4.0", "bc72d5e5a7bdcbfcf28a756e34630816edabc926303bdce7e171f7ac7ffa4f91", [:mix], [{:plug, "~> 1.2", [hex: :plug, optional: false]}]},
  "ueberauth_github": {:hex, :ueberauth_github, "0.4.1", "b117f455da93771850ccf0bcf50593604a761006beb855cace43093592d265b4", [:mix], [{:oauth2, "~> 0.8", [hex: :oauth2, optional: false]}, {:ueberauth, "~> 0.4", [hex: :ueberauth, optional: false]}]},
  "uuid": {:hex, :uuid, "1.1.7", "007afd58273bc0bc7f849c3bdc763e2f8124e83b957e515368c498b641f7ab69", [:mix], []},
  "wallaby": {:git, "https://github.com/keathley/wallaby.git", "1a9a110e7152718e82b762e56b0b6286a7b92e0f", []}}
